
Microsoft Visual Studio Solution File, Format Version 12.00
# Visual Studio Version 17
VisualStudioVersion = 17.8.34309.116
MinimumVisualStudioVersion = 10.0.40219.1
Project("{FAE04EC0-301F-11D3-BF4B-00C04F79EFBC}") = "ConsoleApp3", "ConsoleApp3\ConsoleApp3.csproj", "{D4418AD0-E025-40DA-A448-6598F4D74C34}"
EndProject
Global
	GlobalSection(SolutionConfigurationPlatforms) = preSolution
		Debug|Any CPU = Debug|Any CPU
		Release|Any CPU = Release|Any CPU
	EndGlobalSection
	GlobalSection(ProjectConfigurationPlatforms) = postSolution
		{D4418AD0-E025-40DA-A448-6598F4D74C34}.Debug|Any CPU.ActiveCfg = Debug|Any CPU
		{D4418AD0-E025-40DA-A448-6598F4D74C34}.Debug|Any CPU.Build.0 = Debug|Any CPU
		{D4418AD0-E025-40DA-A448-6598F4D74C34}.Release|Any CPU.ActiveCfg = Release|Any CPU
		{D4418AD0-E025-40DA-A448-6598F4D74C34}.Release|Any CPU.Build.0 = Release|Any CPU
	EndGlobalSection
	GlobalSection(SolutionProperties) = preSolution
		HideSolutionNode = FALSE
	EndGlobalSection
	GlobalSection(ExtensibilityGlobals) = postSolution
		SolutionGuid = {54DA9BCF-4089-477A-AA72-6C21DF6493E5}
	EndGlobalSection
EndGlobal
